
Microsoft Visual Studio Solution File, Format Version 12.00
# Visual Studio Version 17
VisualStudioVersion = 17.5.33516.290
MinimumVisualStudioVersion = 10.0.40219.1
Project("{9A19103F-16F7-4668-BE54-9A1E7A4F7556}") = "Benefit_Calculator", "Benefit_Calculator\Benefit_Calculator.csproj", "{A4079080-D421-45B5-9AFD-4D5FFA7F1A36}"
EndProject
Project("{9A19103F-16F7-4668-BE54-9A1E7A4F7556}") = "Multiplication_Tables", "Multiplication_Tables\Multiplication_Tables.csproj", "{83BF8F32-5548-44C6-A42B-DFA548620359}"
EndProject
Project("{9A19103F-16F7-4668-BE54-9A1E7A4F7556}") = "Even_Or_Odd", "Even_Or_Odd\Even_Or_Odd.csproj", "{6F92E80D-C8E3-476F-91BA-A193552E0926}"
EndProject
Project("{9A19103F-16F7-4668-BE54-9A1E7A4F7556}") = "MRU_Calculator", "MRU_Calculator\MRU_Calculator.csproj", "{EBAE0962-A8A3-4D03-8C09-70654AF53B9F}"
EndProject
Project("{FAE04EC0-301F-11D3-BF4B-00C04F79EFBC}") = "IMC_Calculator", "IMC_Calculator\IMC_Calculator.csproj", "{3115B189-6D4A-4ACA-AEF3-4B7301876283}"
EndProject
Project("{FAE04EC0-301F-11D3-BF4B-00C04F79EFBC}") = "Array_Management", "Array_Management\Array_Management.csproj", "{A2FA8282-4E3F-44E4-A1D3-2FB9F8DB12BD}"
EndProject
Global
	GlobalSection(SolutionConfigurationPlatforms) = preSolution
		Debug|Any CPU = Debug|Any CPU
		Release|Any CPU = Release|Any CPU
	EndGlobalSection
	GlobalSection(ProjectConfigurationPlatforms) = postSolution
		{A4079080-D421-45B5-9AFD-4D5FFA7F1A36}.Debug|Any CPU.ActiveCfg = Debug|Any CPU
		{A4079080-D421-45B5-9AFD-4D5FFA7F1A36}.Debug|Any CPU.Build.0 = Debug|Any CPU
		{A4079080-D421-45B5-9AFD-4D5FFA7F1A36}.Release|Any CPU.ActiveCfg = Release|Any CPU
		{A4079080-D421-45B5-9AFD-4D5FFA7F1A36}.Release|Any CPU.Build.0 = Release|Any CPU
		{83BF8F32-5548-44C6-A42B-DFA548620359}.Debug|Any CPU.ActiveCfg = Debug|Any CPU
		{83BF8F32-5548-44C6-A42B-DFA548620359}.Debug|Any CPU.Build.0 = Debug|Any CPU
		{83BF8F32-5548-44C6-A42B-DFA548620359}.Release|Any CPU.ActiveCfg = Release|Any CPU
		{83BF8F32-5548-44C6-A42B-DFA548620359}.Release|Any CPU.Build.0 = Release|Any CPU
		{6F92E80D-C8E3-476F-91BA-A193552E0926}.Debug|Any CPU.ActiveCfg = Debug|Any CPU
		{6F92E80D-C8E3-476F-91BA-A193552E0926}.Debug|Any CPU.Build.0 = Debug|Any CPU
		{6F92E80D-C8E3-476F-91BA-A193552E0926}.Release|Any CPU.ActiveCfg = Release|Any CPU
		{6F92E80D-C8E3-476F-91BA-A193552E0926}.Release|Any CPU.Build.0 = Release|Any CPU
		{EBAE0962-A8A3-4D03-8C09-70654AF53B9F}.Debug|Any CPU.ActiveCfg = Debug|Any CPU
		{EBAE0962-A8A3-4D03-8C09-70654AF53B9F}.Debug|Any CPU.Build.0 = Debug|Any CPU
		{EBAE0962-A8A3-4D03-8C09-70654AF53B9F}.Release|Any CPU.ActiveCfg = Release|Any CPU
		{EBAE0962-A8A3-4D03-8C09-70654AF53B9F}.Release|Any CPU.Build.0 = Release|Any CPU
		{3115B189-6D4A-4ACA-AEF3-4B7301876283}.Debug|Any CPU.ActiveCfg = Debug|Any CPU
		{3115B189-6D4A-4ACA-AEF3-4B7301876283}.Debug|Any CPU.Build.0 = Debug|Any CPU
		{3115B189-6D4A-4ACA-AEF3-4B7301876283}.Release|Any CPU.ActiveCfg = Release|Any CPU
		{3115B189-6D4A-4ACA-AEF3-4B7301876283}.Release|Any CPU.Build.0 = Release|Any CPU
		{A2FA8282-4E3F-44E4-A1D3-2FB9F8DB12BD}.Debug|Any CPU.ActiveCfg = Debug|Any CPU
		{A2FA8282-4E3F-44E4-A1D3-2FB9F8DB12BD}.Debug|Any CPU.Build.0 = Debug|Any CPU
		{A2FA8282-4E3F-44E4-A1D3-2FB9F8DB12BD}.Release|Any CPU.ActiveCfg = Release|Any CPU
		{A2FA8282-4E3F-44E4-A1D3-2FB9F8DB12BD}.Release|Any CPU.Build.0 = Release|Any CPU
	EndGlobalSection
	GlobalSection(SolutionProperties) = preSolution
		HideSolutionNode = FALSE
	EndGlobalSection
	GlobalSection(ExtensibilityGlobals) = postSolution
		SolutionGuid = {FC55E832-4A4F-49A1-A80A-7321062DBE7B}
	EndGlobalSection
EndGlobal
